// !$*UTF8*$!
{
	archiveVersion = 1;
	classes = {
	};
	objectVersion = 56;
	objects = {

/* Begin PBXBuildFile section */
		157610022A19E2A700DF0969 /* BasketViewController.swift in Sources */ = {isa = PBXBuildFile; fileRef = 157610012A19E2A700DF0969 /* BasketViewController.swift */; };
		157610072A19E33B00DF0969 /* MainViewController.swift in Sources */ = {isa = PBXBuildFile; fileRef = 157610062A19E33B00DF0969 /* MainViewController.swift */; };
		157A32B02A192AB900753E1B /* TabBarItem.swift in Sources */ = {isa = PBXBuildFile; fileRef = 157A32AF2A192AB900753E1B /* TabBarItem.swift */; };
		158A787D2A18AFEF0000AAF1 /* AppDelegate.swift in Sources */ = {isa = PBXBuildFile; fileRef = 158A787C2A18AFEF0000AAF1 /* AppDelegate.swift */; };
		158A78862A18AFF00000AAF1 /* Assets.xcassets in Resources */ = {isa = PBXBuildFile; fileRef = 158A78852A18AFF00000AAF1 /* Assets.xcassets */; };
		158A78892A18AFF00000AAF1 /* LaunchScreen.storyboard in Resources */ = {isa = PBXBuildFile; fileRef = 158A78872A18AFF00000AAF1 /* LaunchScreen.storyboard */; };
		158A78912A18B8760000AAF1 /* SubscriptionViewController.swift in Sources */ = {isa = PBXBuildFile; fileRef = 158A78902A18B8760000AAF1 /* SubscriptionViewController.swift */; };
		158A78942A18B9650000AAF1 /* CustomConstraints.swift in Sources */ = {isa = PBXBuildFile; fileRef = 158A78932A18B9650000AAF1 /* CustomConstraints.swift */; };
		158A78962A18BAEF0000AAF1 /* EditAddressViewController.swift in Sources */ = {isa = PBXBuildFile; fileRef = 158A78952A18BAEF0000AAF1 /* EditAddressViewController.swift */; };
		158A78982A18CB1A0000AAF1 /* Colors.swift in Sources */ = {isa = PBXBuildFile; fileRef = 158A78972A18CB1A0000AAF1 /* Colors.swift */; };
/* End PBXBuildFile section */

/* Begin PBXFileReference section */
		157610012A19E2A700DF0969 /* BasketViewController.swift */ = {isa = PBXFileReference; lastKnownFileType = sourcecode.swift; path = BasketViewController.swift; sourceTree = "<group>"; };
		157610062A19E33B00DF0969 /* MainViewController.swift */ = {isa = PBXFileReference; lastKnownFileType = sourcecode.swift; path = MainViewController.swift; sourceTree = "<group>"; };
		157A32AF2A192AB900753E1B /* TabBarItem.swift */ = {isa = PBXFileReference; lastKnownFileType = sourcecode.swift; path = TabBarItem.swift; sourceTree = "<group>"; };
		158A78792A18AFEF0000AAF1 /* ArbuzApp.app */ = {isa = PBXFileReference; explicitFileType = wrapper.application; includeInIndex = 0; path = ArbuzApp.app; sourceTree = BUILT_PRODUCTS_DIR; };
		158A787C2A18AFEF0000AAF1 /* AppDelegate.swift */ = {isa = PBXFileReference; lastKnownFileType = sourcecode.swift; path = AppDelegate.swift; sourceTree = "<group>"; };
		158A78852A18AFF00000AAF1 /* Assets.xcassets */ = {isa = PBXFileReference; lastKnownFileType = folder.assetcatalog; path = Assets.xcassets; sourceTree = "<group>"; };
		158A78882A18AFF00000AAF1 /* Base */ = {isa = PBXFileReference; lastKnownFileType = file.storyboard; name = Base; path = Base.lproj/LaunchScreen.storyboard; sourceTree = "<group>"; };
		158A788A2A18AFF00000AAF1 /* Info.plist */ = {isa = PBXFileReference; lastKnownFileType = text.plist.xml; path = Info.plist; sourceTree = "<group>"; };
		158A78902A18B8760000AAF1 /* SubscriptionViewController.swift */ = {isa = PBXFileReference; lastKnownFileType = sourcecode.swift; path = SubscriptionViewController.swift; sourceTree = "<group>"; };
		158A78932A18B9650000AAF1 /* CustomConstraints.swift */ = {isa = PBXFileReference; lastKnownFileType = sourcecode.swift; path = CustomConstraints.swift; sourceTree = "<group>"; };
		158A78952A18BAEF0000AAF1 /* EditAddressViewController.swift */ = {isa = PBXFileReference; lastKnownFileType = sourcecode.swift; path = EditAddressViewController.swift; sourceTree = "<group>"; };
		158A78972A18CB1A0000AAF1 /* Colors.swift */ = {isa = PBXFileReference; lastKnownFileType = sourcecode.swift; path = Colors.swift; sourceTree = "<group>"; };
/* End PBXFileReference section */

/* Begin PBXFrameworksBuildPhase section */
		158A78762A18AFEF0000AAF1 /* Frameworks */ = {
			isa = PBXFrameworksBuildPhase;
			buildActionMask = 2147483647;
			files = (
			);
			runOnlyForDeploymentPostprocessing = 0;
		};
/* End PBXFrameworksBuildPhase section */

/* Begin PBXGroup section */
		157610032A19E30800DF0969 /* Helpers */ = {
			isa = PBXGroup;
			children = (
				158A78932A18B9650000AAF1 /* CustomConstraints.swift */,
				158A78972A18CB1A0000AAF1 /* Colors.swift */,
			);
			path = Helpers;
			sourceTree = "<group>";
		};
		157A32B12A192ABB00753E1B /* Models */ = {
			isa = PBXGroup;
			children = (
				157A32AF2A192AB900753E1B /* TabBarItem.swift */,
			);
			path = Models;
			sourceTree = "<group>";
		};
		158A78702A18AFEF0000AAF1 = {
			isa = PBXGroup;
			children = (
				158A787B2A18AFEF0000AAF1 /* ArbuzApp */,
				158A787A2A18AFEF0000AAF1 /* Products */,
			);
			sourceTree = "<group>";
		};
		158A787A2A18AFEF0000AAF1 /* Products */ = {
			isa = PBXGroup;
			children = (
				158A78792A18AFEF0000AAF1 /* ArbuzApp.app */,
			);
			name = Products;
			sourceTree = "<group>";
		};
		158A787B2A18AFEF0000AAF1 /* ArbuzApp */ = {
			isa = PBXGroup;
			children = (
				158A787C2A18AFEF0000AAF1 /* AppDelegate.swift */,
				157A32B12A192ABB00753E1B /* Models */,
				158A78922A18B8A30000AAF1 /* Controllers */,
				157610032A19E30800DF0969 /* Helpers */,
				158A78872A18AFF00000AAF1 /* LaunchScreen.storyboard */,
				158A78852A18AFF00000AAF1 /* Assets.xcassets */,
				158A788A2A18AFF00000AAF1 /* Info.plist */,
			);
			path = ArbuzApp;
			sourceTree = "<group>";
		};
		158A78922A18B8A30000AAF1 /* Controllers */ = {
			isa = PBXGroup;
			children = (
				158A78902A18B8760000AAF1 /* SubscriptionViewController.swift */,
				158A78952A18BAEF0000AAF1 /* EditAddressViewController.swift */,
				157610012A19E2A700DF0969 /* BasketViewController.swift */,
				157610062A19E33B00DF0969 /* MainViewController.swift */,
			);
			path = Controllers;
			sourceTree = "<group>";
		};
/* End PBXGroup section */

/* Begin PBXNativeTarget section */
		158A78782A18AFEF0000AAF1 /* ArbuzApp */ = {
			isa = PBXNativeTarget;
			buildConfigurationList = 158A788D2A18AFF00000AAF1 /* Build configuration list for PBXNativeTarget "ArbuzApp" */;
			buildPhases = (
				158A78752A18AFEF0000AAF1 /* Sources */,
				158A78762A18AFEF0000AAF1 /* Frameworks */,
				158A78772A18AFEF0000AAF1 /* Resources */,
			);
			buildRules = (
			);
			dependencies = (
			);
			name = ArbuzApp;
			productName = ArbuzApp;
			productReference = 158A78792A18AFEF0000AAF1 /* ArbuzApp.app */;
			productType = "com.apple.product-type.application";
		};
/* End PBXNativeTarget section */

/* Begin PBXProject section */
		158A78712A18AFEF0000AAF1 /* Project object */ = {
			isa = PBXProject;
			attributes = {
				BuildIndependentTargetsInParallel = 1;
				LastSwiftUpdateCheck = 1430;
				LastUpgradeCheck = 1430;
				TargetAttributes = {
					158A78782A18AFEF0000AAF1 = {
						CreatedOnToolsVersion = 14.3;
					};
				};
			};
			buildConfigurationList = 158A78742A18AFEF0000AAF1 /* Build configuration list for PBXProject "ArbuzApp" */;
			compatibilityVersion = "Xcode 14.0";
			developmentRegion = en;
			hasScannedForEncodings = 0;
			knownRegions = (
				en,
				Base,
			);
			mainGroup = 158A78702A18AFEF0000AAF1;
			productRefGroup = 158A787A2A18AFEF0000AAF1 /* Products */;
			projectDirPath = "";
			projectRoot = "";
			targets = (
				158A78782A18AFEF0000AAF1 /* ArbuzApp */,
			);
		};
/* End PBXProject section */

/* Begin PBXResourcesBuildPhase section */
		158A78772A18AFEF0000AAF1 /* Resources */ = {
			isa = PBXResourcesBuildPhase;
			buildActionMask = 2147483647;
			files = (
				158A78892A18AFF00000AAF1 /* LaunchScreen.storyboard in Resources */,
				158A78862A18AFF00000AAF1 /* Assets.xcassets in Resources */,
			);
			runOnlyForDeploymentPostprocessing = 0;
		};
/* End PBXResourcesBuildPhase section */

/* Begin PBXSourcesBuildPhase section */
		158A78752A18AFEF0000AAF1 /* Sources */ = {
			isa = PBXSourcesBuildPhase;
			buildActionMask = 2147483647;
			files = (
				157A32B02A192AB900753E1B /* TabBarItem.swift in Sources */,
				158A78912A18B8760000AAF1 /* SubscriptionViewController.swift in Sources */,
				157610022A19E2A700DF0969 /* BasketViewController.swift in Sources */,
				158A78982A18CB1A0000AAF1 /* Colors.swift in Sources */,
				158A78962A18BAEF0000AAF1 /* EditAddressViewController.swift in Sources */,
				158A78942A18B9650000AAF1 /* CustomConstraints.swift in Sources */,
				158A787D2A18AFEF0000AAF1 /* AppDelegate.swift in Sources */,
				157610072A19E33B00DF0969 /* MainViewController.swift in Sources */,
			);
			runOnlyForDeploymentPostprocessing = 0;
		};
/* End PBXSourcesBuildPhase section */

/* Begin PBXVariantGroup section */
		158A78872A18AFF00000AAF1 /* LaunchScreen.storyboard */ = {
			isa = PBXVariantGroup;
			children = (
				158A78882A18AFF00000AAF1 /* Base */,
			);
			name = LaunchScreen.storyboard;
			sourceTree = "<group>";
		};
/* End PBXVariantGroup section */

/* Begin XCBuildConfiguration section */
		158A788B2A18AFF00000AAF1 /* Debug */ = {
			isa = XCBuildConfiguration;
			buildSettings = {
				ALWAYS_SEARCH_USER_PATHS = NO;
				CLANG_ANALYZER_NONNULL = YES;
				CLANG_ANALYZER_NUMBER_OBJECT_CONVERSION = YES_AGGRESSIVE;
				CLANG_CXX_LANGUAGE_STANDARD = "gnu++20";
				CLANG_ENABLE_MODULES = YES;
				CLANG_ENABLE_OBJC_ARC = YES;
				CLANG_ENABLE_OBJC_WEAK = YES;
				CLANG_WARN_BLOCK_CAPTURE_AUTORELEASING = YES;
				CLANG_WARN_BOOL_CONVERSION = YES;
				CLANG_WARN_COMMA = YES;
				CLANG_WARN_CONSTANT_CONVERSION = YES;
				CLANG_WARN_DEPRECATED_OBJC_IMPLEMENTATIONS = YES;
				CLANG_WARN_DIRECT_OBJC_ISA_USAGE = YES_ERROR;
				CLANG_WARN_DOCUMENTATION_COMMENTS = YES;
				CLANG_WARN_EMPTY_BODY = YES;
				CLANG_WARN_ENUM_CONVERSION = YES;
				CLANG_WARN_INFINITE_RECURSION = YES;
				CLANG_WARN_INT_CONVERSION = YES;
				CLANG_WARN_NON_LITERAL_NULL_CONVERSION = YES;
				CLANG_WARN_OBJC_IMPLICIT_RETAIN_SELF = YES;
				CLANG_WARN_OBJC_LITERAL_CONVERSION = YES;
				CLANG_WARN_OBJC_ROOT_CLASS = YES_ERROR;
				CLANG_WARN_QUOTED_INCLUDE_IN_FRAMEWORK_HEADER = YES;
				CLANG_WARN_RANGE_LOOP_ANALYSIS = YES;
				CLANG_WARN_STRICT_PROTOTYPES = YES;
				CLANG_WARN_SUSPICIOUS_MOVE = YES;
				CLANG_WARN_UNGUARDED_AVAILABILITY = YES_AGGRESSIVE;
				CLANG_WARN_UNREACHABLE_CODE = YES;
				CLANG_WARN__DUPLICATE_METHOD_MATCH = YES;
				COPY_PHASE_STRIP = NO;
				DEBUG_INFORMATION_FORMAT = dwarf;
				ENABLE_STRICT_OBJC_MSGSEND = YES;
				ENABLE_TESTABILITY = YES;
				GCC_C_LANGUAGE_STANDARD = gnu11;
				GCC_DYNAMIC_NO_PIC = NO;
				GCC_NO_COMMON_BLOCKS = YES;
				GCC_OPTIMIZATION_LEVEL = 0;
				GCC_PREPROCESSOR_DEFINITIONS = (
					"DEBUG=1",
					"$(inherited)",
				);
				GCC_WARN_64_TO_32_BIT_CONVERSION = YES;
				GCC_WARN_ABOUT_RETURN_TYPE = YES_ERROR;
				GCC_WARN_UNDECLARED_SELECTOR = YES;
				GCC_WARN_UNINITIALIZED_AUTOS = YES_AGGRESSIVE;
				GCC_WARN_UNUSED_FUNCTION = YES;
				GCC_WARN_UNUSED_VARIABLE = YES;
				IPHONEOS_DEPLOYMENT_TARGET = 16.4;
				MTL_ENABLE_DEBUG_INFO = INCLUDE_SOURCE;
				MTL_FAST_MATH = YES;
				ONLY_ACTIVE_ARCH = YES;
				SDKROOT = iphoneos;
				SWIFT_ACTIVE_COMPILATION_CONDITIONS = DEBUG;
				SWIFT_OPTIMIZATION_LEVEL = "-Onone";
			};
			name = Debug;
		};
		158A788C2A18AFF00000AAF1 /* Release */ = {
			isa = XCBuildConfiguration;
			buildSettings = {
				ALWAYS_SEARCH_USER_PATHS = NO;
				CLANG_ANALYZER_NONNULL = YES;
				CLANG_ANALYZER_NUMBER_OBJECT_CONVERSION = YES_AGGRESSIVE;
				CLANG_CXX_LANGUAGE_STANDARD = "gnu++20";
				CLANG_ENABLE_MODULES = YES;
				CLANG_ENABLE_OBJC_ARC = YES;
				CLANG_ENABLE_OBJC_WEAK = YES;
				CLANG_WARN_BLOCK_CAPTURE_AUTORELEASING = YES;
				CLANG_WARN_BOOL_CONVERSION = YES;
				CLANG_WARN_COMMA = YES;
				CLANG_WARN_CONSTANT_CONVERSION = YES;
				CLANG_WARN_DEPRECATED_OBJC_IMPLEMENTATIONS = YES;
				CLANG_WARN_DIRECT_OBJC_ISA_USAGE = YES_ERROR;
				CLANG_WARN_DOCUMENTATION_COMMENTS = YES;
				CLANG_WARN_EMPTY_BODY = YES;
				CLANG_WARN_ENUM_CONVERSION = YES;
				CLANG_WARN_INFINITE_RECURSION = YES;
				CLANG_WARN_INT_CONVERSION = YES;
				CLANG_WARN_NON_LITERAL_NULL_CONVERSION = YES;
				CLANG_WARN_OBJC_IMPLICIT_RETAIN_SELF = YES;
				CLANG_WARN_OBJC_LITERAL_CONVERSION = YES;
				CLANG_WARN_OBJC_ROOT_CLASS = YES_ERROR;
				CLANG_WARN_QUOTED_INCLUDE_IN_FRAMEWORK_HEADER = YES;
				CLANG_WARN_RANGE_LOOP_ANALYSIS = YES;
				CLANG_WARN_STRICT_PROTOTYPES = YES;
				CLANG_WARN_SUSPICIOUS_MOVE = YES;
				CLANG_WARN_UNGUARDED_AVAILABILITY = YES_AGGRESSIVE;
				CLANG_WARN_UNREACHABLE_CODE = YES;
				CLANG_WARN__DUPLICATE_METHOD_MATCH = YES;
				COPY_PHASE_STRIP = NO;
				DEBUG_INFORMATION_FORMAT = "dwarf-with-dsym";
				ENABLE_NS_ASSERTIONS = NO;
				ENABLE_STRICT_OBJC_MSGSEND = YES;
				GCC_C_LANGUAGE_STANDARD = gnu11;
				GCC_NO_COMMON_BLOCKS = YES;
				GCC_WARN_64_TO_32_BIT_CONVERSION = YES;
				GCC_WARN_ABOUT_RETURN_TYPE = YES_ERROR;
				GCC_WARN_UNDECLARED_SELECTOR = YES;
				GCC_WARN_UNINITIALIZED_AUTOS = YES_AGGRESSIVE;
				GCC_WARN_UNUSED_FUNCTION = YES;
				GCC_WARN_UNUSED_VARIABLE = YES;
				IPHONEOS_DEPLOYMENT_TARGET = 16.4;
				MTL_ENABLE_DEBUG_INFO = NO;
				MTL_FAST_MATH = YES;
				SDKROOT = iphoneos;
				SWIFT_COMPILATION_MODE = wholemodule;
				SWIFT_OPTIMIZATION_LEVEL = "-O";
				VALIDATE_PRODUCT = YES;
			};
			name = Release;
		};
		158A788E2A18AFF00000AAF1 /* Debug */ = {
			isa = XCBuildConfiguration;
			buildSettings = {
				ASSETCATALOG_COMPILER_APPICON_NAME = AppIcon;
				ASSETCATALOG_COMPILER_GLOBAL_ACCENT_COLOR_NAME = AccentColor;
				CODE_SIGN_STYLE = Automatic;
				CURRENT_PROJECT_VERSION = 1;
				DEVELOPMENT_TEAM = DJDVY4P58A;
				GENERATE_INFOPLIST_FILE = YES;
				INFOPLIST_FILE = ArbuzApp/Info.plist;
				INFOPLIST_KEY_UIApplicationSupportsIndirectInputEvents = YES;
				INFOPLIST_KEY_UILaunchStoryboardName = LaunchScreen;
				INFOPLIST_KEY_UIMainStoryboardFile = "";
				INFOPLIST_KEY_UISupportedInterfaceOrientations_iPad = "UIInterfaceOrientationPortrait UIInterfaceOrientationPortraitUpsideDown UIInterfaceOrientationLandscapeLeft UIInterfaceOrientationLandscapeRight";
				INFOPLIST_KEY_UISupportedInterfaceOrientations_iPhone = "UIInterfaceOrientationPortrait UIInterfaceOrientationLandscapeLeft UIInterfaceOrientationLandscapeRight";
				LD_RUNPATH_SEARCH_PATHS = (
					"$(inherited)",
					"@executable_path/Frameworks",
				);
				MARKETING_VERSION = 1.0;
				PRODUCT_BUNDLE_IDENTIFIER = Arbuz.ArbuzApp;
				PRODUCT_NAME = "$(TARGET_NAME)";
				SWIFT_EMIT_LOC_STRINGS = YES;
				SWIFT_VERSION = 5.0;
				TARGETED_DEVICE_FAMILY = "1,2";
			};
			name = Debug;
		};
		158A788F2A18AFF00000AAF1 /* Release */ = {
			isa = XCBuildConfiguration;
			buildSettings = {
				ASSETCATALOG_COMPILER_APPICON_NAME = AppIcon;
				ASSETCATALOG_COMPILER_GLOBAL_ACCENT_COLOR_NAME = AccentColor;
				CODE_SIGN_STYLE = Automatic;
				CURRENT_PROJECT_VERSION = 1;
				DEVELOPMENT_TEAM = DJDVY4P58A;
				GENERATE_INFOPLIST_FILE = YES;
				INFOPLIST_FILE = ArbuzApp/Info.plist;
				INFOPLIST_KEY_UIApplicationSupportsIndirectInputEvents = YES;
				INFOPLIST_KEY_UILaunchStoryboardName = LaunchScreen;
				INFOPLIST_KEY_UIMainStoryboardFile = "";
				INFOPLIST_KEY_UISupportedInterfaceOrientations_iPad = "UIInterfaceOrientationPortrait UIInterfaceOrientationPortraitUpsideDown UIInterfaceOrientationLandscapeLeft UIInterfaceOrientationLandscapeRight";
				INFOPLIST_KEY_UISupportedInterfaceOrientations_iPhone = "UIInterfaceOrientationPortrait UIInterfaceOrientationLandscapeLeft UIInterfaceOrientationLandscapeRight";
				LD_RUNPATH_SEARCH_PATHS = (
					"$(inherited)",
					"@executable_path/Frameworks",
				);
				MARKETING_VERSION = 1.0;
				PRODUCT_BUNDLE_IDENTIFIER = Arbuz.ArbuzApp;
				PRODUCT_NAME = "$(TARGET_NAME)";
				SWIFT_EMIT_LOC_STRINGS = YES;
				SWIFT_VERSION = 5.0;
				TARGETED_DEVICE_FAMILY = "1,2";
			};
			name = Release;
		};
/* End XCBuildConfiguration section */

/* Begin XCConfigurationList section */
		158A78742A18AFEF0000AAF1 /* Build configuration list for PBXProject "ArbuzApp" */ = {
			isa = XCConfigurationList;
			buildConfigurations = (
				158A788B2A18AFF00000AAF1 /* Debug */,
				158A788C2A18AFF00000AAF1 /* Release */,
			);
			defaultConfigurationIsVisible = 0;
			defaultConfigurationName = Release;
		};
		158A788D2A18AFF00000AAF1 /* Build configuration list for PBXNativeTarget "ArbuzApp" */ = {
			isa = XCConfigurationList;
			buildConfigurations = (
				158A788E2A18AFF00000AAF1 /* Debug */,
				158A788F2A18AFF00000AAF1 /* Release */,
			);
			defaultConfigurationIsVisible = 0;
			defaultConfigurationName = Release;
		};
/* End XCConfigurationList section */
	};
	rootObject = 158A78712A18AFEF0000AAF1 /* Project object */;
}
